# This file is autogenerated, do not edit; changes may be undone by the next 'dep ensure'.


[[projects]]
  name = "github.com/go-sql-driver/mysql"
  packages = ["."]
  revision = "72cd26f257d44c1114970e19afddcd812016007e"
  version = "v1.4.1"

[[projects]]
  name = "github.com/lib/pq"
  packages = [
    ".",
    "oid"
  ]
  revision = "4ded0e9383f75c197b3a2aaa6d590ac52df6fd79"
  version = "v1.0.0"

[[projects]]
  branch = "master"
  name = "github.com/mattn/go-runewidth"
  packages = ["."]
  revision = "c88d7e5f2e24de48a200a2655ac8a0910be9a0f7"

[[projects]]
  name = "github.com/mattn/go-sqlite3"
  packages = ["."]
  revision = "c7c4067b79cc51e6dfdcef5c702e74b1e0fa7c75"
  version = "v1.10.0"

[[projects]]
  name = "github.com/olekukonko/tablewriter"
  packages = ["."]
  revision = "e6d60cf7ba1f42d86d54cdf5508611c4aafb3970"
  version = "v0.0.1"

[[projects]]
  branch = "master"
  name = "golang.org/x/crypto"
  packages = ["ssh/terminal"]
  revision = "3d3f9f413869b949e48070b5bc593aa22cc2b8f2"

[[projects]]
  branch = "master"
  name = "golang.org/x/sys"
  packages = [
    "unix",
    "windows"
  ]
  revision = "0cf1ed9e522b7dbb416f080a5c8003de9b702bf4"

[[projects]]
  name = "google.golang.org/appengine"
  packages = ["cloudsql"]
  revision = "4a4468ece617fc8205e99368fa2200e9d1fad421"
  version = "v1.3.0"

[solve-meta]
  analyzer-name = "dep"
  analyzer-version = 1
  inputs-digest = "74f0c61d589fb3097200075a25b268272d9b47e7eeffb50e806bc963d5313e88"
  solver-name = "gps-cdcl"
  solver-version = 1
